
Microsoft Visual Studio Solution File, Format Version 12.00
# Visual Studio Version 17
VisualStudioVersion = 17.2.32630.192
MinimumVisualStudioVersion = 10.0.40219.1
Project("{9A19103F-16F7-4668-BE54-9A1E7A4F7556}") = "R5T.F0081", "R5T.F0081\R5T.F0081.csproj", "{485D7846-70B6-491A-A894-D8FFA080B18E}"
EndProject
Global
	GlobalSection(SolutionConfigurationPlatforms) = preSolution
		Debug|Any CPU = Debug|Any CPU
		Release|Any CPU = Release|Any CPU
	EndGlobalSection
	GlobalSection(ProjectConfigurationPlatforms) = postSolution
		{485D7846-70B6-491A-A894-D8FFA080B18E}.Debug|Any CPU.ActiveCfg = Debug|Any CPU
		{485D7846-70B6-491A-A894-D8FFA080B18E}.Debug|Any CPU.Build.0 = Debug|Any CPU
		{485D7846-70B6-491A-A894-D8FFA080B18E}.Release|Any CPU.ActiveCfg = Release|Any CPU
		{485D7846-70B6-491A-A894-D8FFA080B18E}.Release|Any CPU.Build.0 = Release|Any CPU
	EndGlobalSection
	GlobalSection(SolutionProperties) = preSolution
		HideSolutionNode = FALSE
	EndGlobalSection
	GlobalSection(ExtensibilityGlobals) = postSolution
		SolutionGuid = {9413DE65-C7D2-4988-A193-6DD1D1860B11}
	EndGlobalSection
EndGlobal
